
Microsoft Visual Studio Solution File, Format Version 12.00
# Visual Studio Version 16
VisualStudioVersion = 16.0.30907.101
MinimumVisualStudioVersion = 10.0.40219.1
Project("{FAE04EC0-301F-11D3-BF4B-00C04F79EFBC}") = "upload-file-on-web", "upload-file-on-web\upload-file-on-web.csproj", "{4DB2574E-BA2E-4BBC-902E-0EEEB2B05149}"
EndProject
Global
	GlobalSection(SolutionConfigurationPlatforms) = preSolution
		Debug|Any CPU = Debug|Any CPU
		Release|Any CPU = Release|Any CPU
	EndGlobalSection
	GlobalSection(ProjectConfigurationPlatforms) = postSolution
		{4DB2574E-BA2E-4BBC-902E-0EEEB2B05149}.Debug|Any CPU.ActiveCfg = Debug|Any CPU
		{4DB2574E-BA2E-4BBC-902E-0EEEB2B05149}.Debug|Any CPU.Build.0 = Debug|Any CPU
		{4DB2574E-BA2E-4BBC-902E-0EEEB2B05149}.Release|Any CPU.ActiveCfg = Release|Any CPU
		{4DB2574E-BA2E-4BBC-902E-0EEEB2B05149}.Release|Any CPU.Build.0 = Release|Any CPU
	EndGlobalSection
	GlobalSection(SolutionProperties) = preSolution
		HideSolutionNode = FALSE
	EndGlobalSection
	GlobalSection(ExtensibilityGlobals) = postSolution
		SolutionGuid = {F270AA49-D43B-4DB4-A320-3C1548F07796}
	EndGlobalSection
EndGlobal
