
Microsoft Visual Studio Solution File, Format Version 12.00
# Visual Studio Version 16
VisualStudioVersion = 16.0.32106.194
MinimumVisualStudioVersion = 10.0.40219.1
Project("{FAE04EC0-301F-11D3-BF4B-00C04F79EFBC}") = "TokenBasedAuthWebAPI", "TokenBasedAuthWebProject\TokenBasedAuthWebAPI.csproj", "{5A14B86D-A601-4439-AD3B-804803171BEC}"
EndProject
Project("{FAE04EC0-301F-11D3-BF4B-00C04F79EFBC}") = "TokenBasedAuthWebApp", "TokenBasedAuthWebApp\TokenBasedAuthWebApp.csproj", "{0397FB05-E008-42DE-8E30-519E884FFE0B}"
EndProject
Global
	GlobalSection(SolutionConfigurationPlatforms) = preSolution
		Debug|Any CPU = Debug|Any CPU
		Release|Any CPU = Release|Any CPU
	EndGlobalSection
	GlobalSection(ProjectConfigurationPlatforms) = postSolution
		{5A14B86D-A601-4439-AD3B-804803171BEC}.Debug|Any CPU.ActiveCfg = Debug|Any CPU
		{5A14B86D-A601-4439-AD3B-804803171BEC}.Debug|Any CPU.Build.0 = Debug|Any CPU
		{5A14B86D-A601-4439-AD3B-804803171BEC}.Release|Any CPU.ActiveCfg = Release|Any CPU
		{5A14B86D-A601-4439-AD3B-804803171BEC}.Release|Any CPU.Build.0 = Release|Any CPU
		{0397FB05-E008-42DE-8E30-519E884FFE0B}.Debug|Any CPU.ActiveCfg = Debug|Any CPU
		{0397FB05-E008-42DE-8E30-519E884FFE0B}.Debug|Any CPU.Build.0 = Debug|Any CPU
		{0397FB05-E008-42DE-8E30-519E884FFE0B}.Release|Any CPU.ActiveCfg = Release|Any CPU
		{0397FB05-E008-42DE-8E30-519E884FFE0B}.Release|Any CPU.Build.0 = Release|Any CPU
	EndGlobalSection
	GlobalSection(SolutionProperties) = preSolution
		HideSolutionNode = FALSE
	EndGlobalSection
	GlobalSection(ExtensibilityGlobals) = postSolution
		SolutionGuid = {037CADDD-9F6D-4CF9-BA31-F08A01B95D8C}
	EndGlobalSection
EndGlobal
